// !$*UTF8*$!
{
	archiveVersion = 1;
	classes = {
	};
	objectVersion = 56;
	objects = {

/* Begin PBXBuildFile section */
		3C7E74EA2AEDD0E9006983F1 /* AppDelegate.swift in Sources */ = {isa = PBXBuildFile; fileRef = 3C7E74E92AEDD0E9006983F1 /* AppDelegate.swift */; };
		3C7E74EC2AEDD0E9006983F1 /* SceneDelegate.swift in Sources */ = {isa = PBXBuildFile; fileRef = 3C7E74EB2AEDD0E9006983F1 /* SceneDelegate.swift */; };
		3C7E74EE2AEDD0E9006983F1 /* ViewController.swift in Sources */ = {isa = PBXBuildFile; fileRef = 3C7E74ED2AEDD0E9006983F1 /* ViewController.swift */; };
		3C7E74F12AEDD0E9006983F1 /* Main.storyboard in Resources */ = {isa = PBXBuildFile; fileRef = 3C7E74EF2AEDD0E9006983F1 /* Main.storyboard */; };
		3C7E74F32AEDD0EA006983F1 /* Assets.xcassets in Resources */ = {isa = PBXBuildFile; fileRef = 3C7E74F22AEDD0EA006983F1 /* Assets.xcassets */; };
		3C7E74F62AEDD0EA006983F1 /* LaunchScreen.storyboard in Resources */ = {isa = PBXBuildFile; fileRef = 3C7E74F42AEDD0EA006983F1 /* LaunchScreen.storyboard */; };
		3C7E74FE2AEDD0F3006983F1 /* ContentView.swift in Sources */ = {isa = PBXBuildFile; fileRef = 3C7E74FD2AEDD0F3006983F1 /* ContentView.swift */; };
		3C7E75002AEDD11E006983F1 /* Utilities.swift in Sources */ = {isa = PBXBuildFile; fileRef = 3C7E74FF2AEDD11E006983F1 /* Utilities.swift */; };
		3C7E75022AEDE7E2006983F1 /* ViewModel.swift in Sources */ = {isa = PBXBuildFile; fileRef = 3C7E75012AEDE7E2006983F1 /* ViewModel.swift */; };
		3C7E75072AEDE84B006983F1 /* OriginView.swift in Sources */ = {isa = PBXBuildFile; fileRef = 3C7E75062AEDE84B006983F1 /* OriginView.swift */; };
		3C7E750A2AEDE91A006983F1 /* SlantShape.swift in Sources */ = {isa = PBXBuildFile; fileRef = 3C7E75092AEDE91A006983F1 /* SlantShape.swift */; };
		3C7E750C2AEDEB07006983F1 /* MainView.swift in Sources */ = {isa = PBXBuildFile; fileRef = 3C7E750B2AEDEB07006983F1 /* MainView.swift */; };
		3C7E750E2AEDF729006983F1 /* File.metal in Sources */ = {isa = PBXBuildFile; fileRef = 3C7E750D2AEDF729006983F1 /* File.metal */; };
		3C7E75102AEE0F57006983F1 /* CardsView.swift in Sources */ = {isa = PBXBuildFile; fileRef = 3C7E750F2AEE0F57006983F1 /* CardsView.swift */; };
		3C7E75132AEE137D006983F1 /* Card.swift in Sources */ = {isa = PBXBuildFile; fileRef = 3C7E75122AEE137D006983F1 /* Card.swift */; };
		3C7E75152AEE16DC006983F1 /* AddCardView.swift in Sources */ = {isa = PBXBuildFile; fileRef = 3C7E75142AEE16DC006983F1 /* AddCardView.swift */; };
		3C7E75172AEE3C90006983F1 /* ScanView.swift in Sources */ = {isa = PBXBuildFile; fileRef = 3C7E75162AEE3C90006983F1 /* ScanView.swift */; };
		3C7E751A2AEE4002006983F1 /* Files in Frameworks */ = {isa = PBXBuildFile; productRef = 3C7E75192AEE4002006983F1 /* Files */; };
		3C7E751D2AEE401F006983F1 /* SwipeActions in Frameworks */ = {isa = PBXBuildFile; productRef = 3C7E751C2AEE401F006983F1 /* SwipeActions */; };
		3C7E751F2AEE5476006983F1 /* ConfigView.swift in Sources */ = {isa = PBXBuildFile; fileRef = 3C7E751E2AEE5476006983F1 /* ConfigView.swift */; };
/* End PBXBuildFile section */

/* Begin PBXFileReference section */
		3C7E74E62AEDD0E9006983F1 /* CalHacks.app */ = {isa = PBXFileReference; explicitFileType = wrapper.application; includeInIndex = 0; path = CalHacks.app; sourceTree = BUILT_PRODUCTS_DIR; };
		3C7E74E92AEDD0E9006983F1 /* AppDelegate.swift */ = {isa = PBXFileReference; lastKnownFileType = sourcecode.swift; path = AppDelegate.swift; sourceTree = "<group>"; };
		3C7E74EB2AEDD0E9006983F1 /* SceneDelegate.swift */ = {isa = PBXFileReference; lastKnownFileType = sourcecode.swift; path = SceneDelegate.swift; sourceTree = "<group>"; };
		3C7E74ED2AEDD0E9006983F1 /* ViewController.swift */ = {isa = PBXFileReference; lastKnownFileType = sourcecode.swift; path = ViewController.swift; sourceTree = "<group>"; };
		3C7E74F02AEDD0E9006983F1 /* Base */ = {isa = PBXFileReference; lastKnownFileType = file.storyboard; name = Base; path = Base.lproj/Main.storyboard; sourceTree = "<group>"; };
		3C7E74F22AEDD0EA006983F1 /* Assets.xcassets */ = {isa = PBXFileReference; lastKnownFileType = folder.assetcatalog; path = Assets.xcassets; sourceTree = "<group>"; };
		3C7E74F52AEDD0EA006983F1 /* Base */ = {isa = PBXFileReference; lastKnownFileType = file.storyboard; name = Base; path = Base.lproj/LaunchScreen.storyboard; sourceTree = "<group>"; };
		3C7E74F72AEDD0EA006983F1 /* Info.plist */ = {isa = PBXFileReference; lastKnownFileType = text.plist.xml; path = Info.plist; sourceTree = "<group>"; };
		3C7E74FD2AEDD0F3006983F1 /* ContentView.swift */ = {isa = PBXFileReference; lastKnownFileType = sourcecode.swift; path = ContentView.swift; sourceTree = "<group>"; };
		3C7E74FF2AEDD11E006983F1 /* Utilities.swift */ = {isa = PBXFileReference; lastKnownFileType = sourcecode.swift; path = Utilities.swift; sourceTree = "<group>"; };
		3C7E75012AEDE7E2006983F1 /* ViewModel.swift */ = {isa = PBXFileReference; lastKnownFileType = sourcecode.swift; path = ViewModel.swift; sourceTree = "<group>"; };
		3C7E75062AEDE84B006983F1 /* OriginView.swift */ = {isa = PBXFileReference; lastKnownFileType = sourcecode.swift; path = OriginView.swift; sourceTree = "<group>"; };
		3C7E75092AEDE91A006983F1 /* SlantShape.swift */ = {isa = PBXFileReference; lastKnownFileType = sourcecode.swift; path = SlantShape.swift; sourceTree = "<group>"; };
		3C7E750B2AEDEB07006983F1 /* MainView.swift */ = {isa = PBXFileReference; lastKnownFileType = sourcecode.swift; path = MainView.swift; sourceTree = "<group>"; };
		3C7E750D2AEDF729006983F1 /* File.metal */ = {isa = PBXFileReference; lastKnownFileType = sourcecode.metal; path = File.metal; sourceTree = "<group>"; };
		3C7E750F2AEE0F57006983F1 /* CardsView.swift */ = {isa = PBXFileReference; lastKnownFileType = sourcecode.swift; path = CardsView.swift; sourceTree = "<group>"; };
		3C7E75122AEE137D006983F1 /* Card.swift */ = {isa = PBXFileReference; lastKnownFileType = sourcecode.swift; path = Card.swift; sourceTree = "<group>"; };
		3C7E75142AEE16DC006983F1 /* AddCardView.swift */ = {isa = PBXFileReference; lastKnownFileType = sourcecode.swift; path = AddCardView.swift; sourceTree = "<group>"; };
		3C7E75162AEE3C90006983F1 /* ScanView.swift */ = {isa = PBXFileReference; lastKnownFileType = sourcecode.swift; path = ScanView.swift; sourceTree = "<group>"; };
		3C7E751E2AEE5476006983F1 /* ConfigView.swift */ = {isa = PBXFileReference; lastKnownFileType = sourcecode.swift; path = ConfigView.swift; sourceTree = "<group>"; };
/* End PBXFileReference section */

/* Begin PBXFrameworksBuildPhase section */
		3C7E74E32AEDD0E9006983F1 /* Frameworks */ = {
			isa = PBXFrameworksBuildPhase;
			buildActionMask = 2147483647;
			files = (
				3C7E751A2AEE4002006983F1 /* Files in Frameworks */,
				3C7E751D2AEE401F006983F1 /* SwipeActions in Frameworks */,
			);
			runOnlyForDeploymentPostprocessing = 0;
		};
/* End PBXFrameworksBuildPhase section */

/* Begin PBXGroup section */
		3C7E74DD2AEDD0E9006983F1 = {
			isa = PBXGroup;
			children = (
				3C7E74E82AEDD0E9006983F1 /* CalHacks */,
				3C7E74E72AEDD0E9006983F1 /* Products */,
			);
			sourceTree = "<group>";
		};
		3C7E74E72AEDD0E9006983F1 /* Products */ = {
			isa = PBXGroup;
			children = (
				3C7E74E62AEDD0E9006983F1 /* CalHacks.app */,
			);
			name = Products;
			sourceTree = "<group>";
		};
		3C7E74E82AEDD0E9006983F1 /* CalHacks */ = {
			isa = PBXGroup;
			children = (
				3C7E74E92AEDD0E9006983F1 /* AppDelegate.swift */,
				3C7E74EB2AEDD0E9006983F1 /* SceneDelegate.swift */,
				3C7E74ED2AEDD0E9006983F1 /* ViewController.swift */,
				3C7E75012AEDE7E2006983F1 /* ViewModel.swift */,
				3C7E750D2AEDF729006983F1 /* File.metal */,
				3C7E75112AEE1378006983F1 /* Models */,
				3C7E75082AEDE916006983F1 /* Shapes */,
				3C7E75052AEDE840006983F1 /* Views */,
				3C7E74FF2AEDD11E006983F1 /* Utilities.swift */,
				3C7E74EF2AEDD0E9006983F1 /* Main.storyboard */,
				3C7E74F22AEDD0EA006983F1 /* Assets.xcassets */,
				3C7E74F42AEDD0EA006983F1 /* LaunchScreen.storyboard */,
				3C7E74F72AEDD0EA006983F1 /* Info.plist */,
			);
			path = CalHacks;
			sourceTree = "<group>";
		};
		3C7E75052AEDE840006983F1 /* Views */ = {
			isa = PBXGroup;
			children = (
				3C7E74FD2AEDD0F3006983F1 /* ContentView.swift */,
				3C7E75062AEDE84B006983F1 /* OriginView.swift */,
				3C7E750B2AEDEB07006983F1 /* MainView.swift */,
				3C7E750F2AEE0F57006983F1 /* CardsView.swift */,
				3C7E751E2AEE5476006983F1 /* ConfigView.swift */,
				3C7E75142AEE16DC006983F1 /* AddCardView.swift */,
				3C7E75162AEE3C90006983F1 /* ScanView.swift */,
			);
			path = Views;
			sourceTree = "<group>";
		};
		3C7E75082AEDE916006983F1 /* Shapes */ = {
			isa = PBXGroup;
			children = (
				3C7E75092AEDE91A006983F1 /* SlantShape.swift */,
			);
			path = Shapes;
			sourceTree = "<group>";
		};
		3C7E75112AEE1378006983F1 /* Models */ = {
			isa = PBXGroup;
			children = (
				3C7E75122AEE137D006983F1 /* Card.swift */,
			);
			path = Models;
			sourceTree = "<group>";
		};
/* End PBXGroup section */

/* Begin PBXNativeTarget section */
		3C7E74E52AEDD0E9006983F1 /* CalHacks */ = {
			isa = PBXNativeTarget;
			buildConfigurationList = 3C7E74FA2AEDD0EA006983F1 /* Build configuration list for PBXNativeTarget "CalHacks" */;
			buildPhases = (
				3C7E74E22AEDD0E9006983F1 /* Sources */,
				3C7E74E32AEDD0E9006983F1 /* Frameworks */,
				3C7E74E42AEDD0E9006983F1 /* Resources */,
			);
			buildRules = (
			);
			dependencies = (
			);
			name = CalHacks;
			packageProductDependencies = (
				3C7E75192AEE4002006983F1 /* Files */,
				3C7E751C2AEE401F006983F1 /* SwipeActions */,
			);
			productName = CalHacks;
			productReference = 3C7E74E62AEDD0E9006983F1 /* CalHacks.app */;
			productType = "com.apple.product-type.application";
		};
/* End PBXNativeTarget section */

/* Begin PBXProject section */
		3C7E74DE2AEDD0E9006983F1 /* Project object */ = {
			isa = PBXProject;
			attributes = {
				BuildIndependentTargetsInParallel = 1;
				LastSwiftUpdateCheck = 1500;
				LastUpgradeCheck = 1500;
				TargetAttributes = {
					3C7E74E52AEDD0E9006983F1 = {
						CreatedOnToolsVersion = 15.0;
					};
				};
			};
			buildConfigurationList = 3C7E74E12AEDD0E9006983F1 /* Build configuration list for PBXProject "CalHacks" */;
			compatibilityVersion = "Xcode 14.0";
			developmentRegion = en;
			hasScannedForEncodings = 0;
			knownRegions = (
				en,
				Base,
			);
			mainGroup = 3C7E74DD2AEDD0E9006983F1;
			packageReferences = (
				3C7E75182AEE4002006983F1 /* XCRemoteSwiftPackageReference "Files" */,
				3C7E751B2AEE401F006983F1 /* XCRemoteSwiftPackageReference "SwipeActions" */,
			);
			productRefGroup = 3C7E74E72AEDD0E9006983F1 /* Products */;
			projectDirPath = "";
			projectRoot = "";
			targets = (
				3C7E74E52AEDD0E9006983F1 /* CalHacks */,
			);
		};
/* End PBXProject section */

/* Begin PBXResourcesBuildPhase section */
		3C7E74E42AEDD0E9006983F1 /* Resources */ = {
			isa = PBXResourcesBuildPhase;
			buildActionMask = 2147483647;
			files = (
				3C7E74F62AEDD0EA006983F1 /* LaunchScreen.storyboard in Resources */,
				3C7E74F32AEDD0EA006983F1 /* Assets.xcassets in Resources */,
				3C7E74F12AEDD0E9006983F1 /* Main.storyboard in Resources */,
			);
			runOnlyForDeploymentPostprocessing = 0;
		};
/* End PBXResourcesBuildPhase section */

/* Begin PBXSourcesBuildPhase section */
		3C7E74E22AEDD0E9006983F1 /* Sources */ = {
			isa = PBXSourcesBuildPhase;
			buildActionMask = 2147483647;
			files = (
				3C7E75102AEE0F57006983F1 /* CardsView.swift in Sources */,
				3C7E74EE2AEDD0E9006983F1 /* ViewController.swift in Sources */,
				3C7E750C2AEDEB07006983F1 /* MainView.swift in Sources */,
				3C7E74EA2AEDD0E9006983F1 /* AppDelegate.swift in Sources */,
				3C7E74FE2AEDD0F3006983F1 /* ContentView.swift in Sources */,
				3C7E75072AEDE84B006983F1 /* OriginView.swift in Sources */,
				3C7E751F2AEE5476006983F1 /* ConfigView.swift in Sources */,
				3C7E750E2AEDF729006983F1 /* File.metal in Sources */,
				3C7E75172AEE3C90006983F1 /* ScanView.swift in Sources */,
				3C7E75152AEE16DC006983F1 /* AddCardView.swift in Sources */,
				3C7E75132AEE137D006983F1 /* Card.swift in Sources */,
				3C7E75002AEDD11E006983F1 /* Utilities.swift in Sources */,
				3C7E75022AEDE7E2006983F1 /* ViewModel.swift in Sources */,
				3C7E750A2AEDE91A006983F1 /* SlantShape.swift in Sources */,
				3C7E74EC2AEDD0E9006983F1 /* SceneDelegate.swift in Sources */,
			);
			runOnlyForDeploymentPostprocessing = 0;
		};
/* End PBXSourcesBuildPhase section */

/* Begin PBXVariantGroup section */
		3C7E74EF2AEDD0E9006983F1 /* Main.storyboard */ = {
			isa = PBXVariantGroup;
			children = (
				3C7E74F02AEDD0E9006983F1 /* Base */,
			);
			name = Main.storyboard;
			sourceTree = "<group>";
		};
		3C7E74F42AEDD0EA006983F1 /* LaunchScreen.storyboard */ = {
			isa = PBXVariantGroup;
			children = (
				3C7E74F52AEDD0EA006983F1 /* Base */,
			);
			name = LaunchScreen.storyboard;
			sourceTree = "<group>";
		};
/* End PBXVariantGroup section */

/* Begin XCBuildConfiguration section */
		3C7E74F82AEDD0EA006983F1 /* Debug */ = {
			isa = XCBuildConfiguration;
			buildSettings = {
				ALWAYS_SEARCH_USER_PATHS = NO;
				ASSETCATALOG_COMPILER_GENERATE_SWIFT_ASSET_SYMBOL_EXTENSIONS = YES;
				CLANG_ANALYZER_NONNULL = YES;
				CLANG_ANALYZER_NUMBER_OBJECT_CONVERSION = YES_AGGRESSIVE;
				CLANG_CXX_LANGUAGE_STANDARD = "gnu++20";
				CLANG_ENABLE_MODULES = YES;
				CLANG_ENABLE_OBJC_ARC = YES;
				CLANG_ENABLE_OBJC_WEAK = YES;
				CLANG_WARN_BLOCK_CAPTURE_AUTORELEASING = YES;
				CLANG_WARN_BOOL_CONVERSION = YES;
				CLANG_WARN_COMMA = YES;
				CLANG_WARN_CONSTANT_CONVERSION = YES;
				CLANG_WARN_DEPRECATED_OBJC_IMPLEMENTATIONS = YES;
				CLANG_WARN_DIRECT_OBJC_ISA_USAGE = YES_ERROR;
				CLANG_WARN_DOCUMENTATION_COMMENTS = YES;
				CLANG_WARN_EMPTY_BODY = YES;
				CLANG_WARN_ENUM_CONVERSION = YES;
				CLANG_WARN_INFINITE_RECURSION = YES;
				CLANG_WARN_INT_CONVERSION = YES;
				CLANG_WARN_NON_LITERAL_NULL_CONVERSION = YES;
				CLANG_WARN_OBJC_IMPLICIT_RETAIN_SELF = YES;
				CLANG_WARN_OBJC_LITERAL_CONVERSION = YES;
				CLANG_WARN_OBJC_ROOT_CLASS = YES_ERROR;
				CLANG_WARN_QUOTED_INCLUDE_IN_FRAMEWORK_HEADER = YES;
				CLANG_WARN_RANGE_LOOP_ANALYSIS = YES;
				CLANG_WARN_STRICT_PROTOTYPES = YES;
				CLANG_WARN_SUSPICIOUS_MOVE = YES;
				CLANG_WARN_UNGUARDED_AVAILABILITY = YES_AGGRESSIVE;
				CLANG_WARN_UNREACHABLE_CODE = YES;
				CLANG_WARN__DUPLICATE_METHOD_MATCH = YES;
				COPY_PHASE_STRIP = NO;
				DEBUG_INFORMATION_FORMAT = dwarf;
				ENABLE_STRICT_OBJC_MSGSEND = YES;
				ENABLE_TESTABILITY = YES;
				ENABLE_USER_SCRIPT_SANDBOXING = YES;
				GCC_C_LANGUAGE_STANDARD = gnu17;
				GCC_DYNAMIC_NO_PIC = NO;
				GCC_NO_COMMON_BLOCKS = YES;
				GCC_OPTIMIZATION_LEVEL = 0;
				GCC_PREPROCESSOR_DEFINITIONS = (
					"DEBUG=1",
					"$(inherited)",
				);
				GCC_WARN_64_TO_32_BIT_CONVERSION = YES;
				GCC_WARN_ABOUT_RETURN_TYPE = YES_ERROR;
				GCC_WARN_UNDECLARED_SELECTOR = YES;
				GCC_WARN_UNINITIALIZED_AUTOS = YES_AGGRESSIVE;
				GCC_WARN_UNUSED_FUNCTION = YES;
				GCC_WARN_UNUSED_VARIABLE = YES;
				IPHONEOS_DEPLOYMENT_TARGET = 17.0;
				LOCALIZATION_PREFERS_STRING_CATALOGS = YES;
				MTL_ENABLE_DEBUG_INFO = INCLUDE_SOURCE;
				MTL_FAST_MATH = YES;
				ONLY_ACTIVE_ARCH = YES;
				SDKROOT = iphoneos;
				SWIFT_ACTIVE_COMPILATION_CONDITIONS = "DEBUG $(inherited)";
				SWIFT_OPTIMIZATION_LEVEL = "-Onone";
			};
			name = Debug;
		};
		3C7E74F92AEDD0EA006983F1 /* Release */ = {
			isa = XCBuildConfiguration;
			buildSettings = {
				ALWAYS_SEARCH_USER_PATHS = NO;
				ASSETCATALOG_COMPILER_GENERATE_SWIFT_ASSET_SYMBOL_EXTENSIONS = YES;
				CLANG_ANALYZER_NONNULL = YES;
				CLANG_ANALYZER_NUMBER_OBJECT_CONVERSION = YES_AGGRESSIVE;
				CLANG_CXX_LANGUAGE_STANDARD = "gnu++20";
				CLANG_ENABLE_MODULES = YES;
				CLANG_ENABLE_OBJC_ARC = YES;
				CLANG_ENABLE_OBJC_WEAK = YES;
				CLANG_WARN_BLOCK_CAPTURE_AUTORELEASING = YES;
				CLANG_WARN_BOOL_CONVERSION = YES;
				CLANG_WARN_COMMA = YES;
				CLANG_WARN_CONSTANT_CONVERSION = YES;
				CLANG_WARN_DEPRECATED_OBJC_IMPLEMENTATIONS = YES;
				CLANG_WARN_DIRECT_OBJC_ISA_USAGE = YES_ERROR;
				CLANG_WARN_DOCUMENTATION_COMMENTS = YES;
				CLANG_WARN_EMPTY_BODY = YES;
				CLANG_WARN_ENUM_CONVERSION = YES;
				CLANG_WARN_INFINITE_RECURSION = YES;
				CLANG_WARN_INT_CONVERSION = YES;
				CLANG_WARN_NON_LITERAL_NULL_CONVERSION = YES;
				CLANG_WARN_OBJC_IMPLICIT_RETAIN_SELF = YES;
				CLANG_WARN_OBJC_LITERAL_CONVERSION = YES;
				CLANG_WARN_OBJC_ROOT_CLASS = YES_ERROR;
				CLANG_WARN_QUOTED_INCLUDE_IN_FRAMEWORK_HEADER = YES;
				CLANG_WARN_RANGE_LOOP_ANALYSIS = YES;
				CLANG_WARN_STRICT_PROTOTYPES = YES;
				CLANG_WARN_SUSPICIOUS_MOVE = YES;
				CLANG_WARN_UNGUARDED_AVAILABILITY = YES_AGGRESSIVE;
				CLANG_WARN_UNREACHABLE_CODE = YES;
				CLANG_WARN__DUPLICATE_METHOD_MATCH = YES;
				COPY_PHASE_STRIP = NO;
				DEBUG_INFORMATION_FORMAT = "dwarf-with-dsym";
				ENABLE_NS_ASSERTIONS = NO;
				ENABLE_STRICT_OBJC_MSGSEND = YES;
				ENABLE_USER_SCRIPT_SANDBOXING = YES;
				GCC_C_LANGUAGE_STANDARD = gnu17;
				GCC_NO_COMMON_BLOCKS = YES;
				GCC_WARN_64_TO_32_BIT_CONVERSION = YES;
				GCC_WARN_ABOUT_RETURN_TYPE = YES_ERROR;
				GCC_WARN_UNDECLARED_SELECTOR = YES;
				GCC_WARN_UNINITIALIZED_AUTOS = YES_AGGRESSIVE;
				GCC_WARN_UNUSED_FUNCTION = YES;
				GCC_WARN_UNUSED_VARIABLE = YES;
				IPHONEOS_DEPLOYMENT_TARGET = 17.0;
				LOCALIZATION_PREFERS_STRING_CATALOGS = YES;
				MTL_ENABLE_DEBUG_INFO = NO;
				MTL_FAST_MATH = YES;
				SDKROOT = iphoneos;
				SWIFT_COMPILATION_MODE = wholemodule;
				VALIDATE_PRODUCT = YES;
			};
			name = Release;
		};
		3C7E74FB2AEDD0EA006983F1 /* Debug */ = {
			isa = XCBuildConfiguration;
			buildSettings = {
				ASSETCATALOG_COMPILER_APPICON_NAME = AppIcon;
				ASSETCATALOG_COMPILER_GLOBAL_ACCENT_COLOR_NAME = AccentColor;
				CODE_SIGN_STYLE = Automatic;
				CURRENT_PROJECT_VERSION = 1;
				DEVELOPMENT_TEAM = WV6XDLHK3W;
				GENERATE_INFOPLIST_FILE = YES;
				INFOPLIST_FILE = CalHacks/Info.plist;
				INFOPLIST_KEY_NSCameraUsageDescription = "Use the camera to scan objects!";
				INFOPLIST_KEY_UIApplicationSupportsIndirectInputEvents = YES;
				INFOPLIST_KEY_UILaunchStoryboardName = LaunchScreen;
				INFOPLIST_KEY_UIMainStoryboardFile = Main;
				INFOPLIST_KEY_UISupportedInterfaceOrientations_iPad = "UIInterfaceOrientationPortrait UIInterfaceOrientationPortraitUpsideDown UIInterfaceOrientationLandscapeLeft UIInterfaceOrientationLandscapeRight";
				INFOPLIST_KEY_UISupportedInterfaceOrientations_iPhone = "UIInterfaceOrientationPortrait UIInterfaceOrientationLandscapeLeft UIInterfaceOrientationLandscapeRight";
				LD_RUNPATH_SEARCH_PATHS = (
					"$(inherited)",
					"@executable_path/Frameworks",
				);
				MARKETING_VERSION = 1.0;
				PRODUCT_BUNDLE_IDENTIFIER = app.getfind.CalHacks;
				PRODUCT_NAME = "$(TARGET_NAME)";
				SWIFT_EMIT_LOC_STRINGS = YES;
				SWIFT_VERSION = 5.0;
				TARGETED_DEVICE_FAMILY = "1,2";
			};
			name = Debug;
		};
		3C7E74FC2AEDD0EA006983F1 /* Release */ = {
			isa = XCBuildConfiguration;
			buildSettings = {
				ASSETCATALOG_COMPILER_APPICON_NAME = AppIcon;
				ASSETCATALOG_COMPILER_GLOBAL_ACCENT_COLOR_NAME = AccentColor;
				CODE_SIGN_STYLE = Automatic;
				CURRENT_PROJECT_VERSION = 1;
				DEVELOPMENT_TEAM = WV6XDLHK3W;
				GENERATE_INFOPLIST_FILE = YES;
				INFOPLIST_FILE = CalHacks/Info.plist;
				INFOPLIST_KEY_NSCameraUsageDescription = "Use the camera to scan objects!";
				INFOPLIST_KEY_UIApplicationSupportsIndirectInputEvents = YES;
				INFOPLIST_KEY_UILaunchStoryboardName = LaunchScreen;
				INFOPLIST_KEY_UIMainStoryboardFile = Main;
				INFOPLIST_KEY_UISupportedInterfaceOrientations_iPad = "UIInterfaceOrientationPortrait UIInterfaceOrientationPortraitUpsideDown UIInterfaceOrientationLandscapeLeft UIInterfaceOrientationLandscapeRight";
				INFOPLIST_KEY_UISupportedInterfaceOrientations_iPhone = "UIInterfaceOrientationPortrait UIInterfaceOrientationLandscapeLeft UIInterfaceOrientationLandscapeRight";
				LD_RUNPATH_SEARCH_PATHS = (
					"$(inherited)",
					"@executable_path/Frameworks",
				);
				MARKETING_VERSION = 1.0;
				PRODUCT_BUNDLE_IDENTIFIER = app.getfind.CalHacks;
				PRODUCT_NAME = "$(TARGET_NAME)";
				SWIFT_EMIT_LOC_STRINGS = YES;
				SWIFT_VERSION = 5.0;
				TARGETED_DEVICE_FAMILY = "1,2";
			};
			name = Release;
		};
/* End XCBuildConfiguration section */

/* Begin XCConfigurationList section */
		3C7E74E12AEDD0E9006983F1 /* Build configuration list for PBXProject "CalHacks" */ = {
			isa = XCConfigurationList;
			buildConfigurations = (
				3C7E74F82AEDD0EA006983F1 /* Debug */,
				3C7E74F92AEDD0EA006983F1 /* Release */,
			);
			defaultConfigurationIsVisible = 0;
			defaultConfigurationName = Release;
		};
		3C7E74FA2AEDD0EA006983F1 /* Build configuration list for PBXNativeTarget "CalHacks" */ = {
			isa = XCConfigurationList;
			buildConfigurations = (
				3C7E74FB2AEDD0EA006983F1 /* Debug */,
				3C7E74FC2AEDD0EA006983F1 /* Release */,
			);
			defaultConfigurationIsVisible = 0;
			defaultConfigurationName = Release;
		};
/* End XCConfigurationList section */

/* Begin XCRemoteSwiftPackageReference section */
		3C7E75182AEE4002006983F1 /* XCRemoteSwiftPackageReference "Files" */ = {
			isa = XCRemoteSwiftPackageReference;
			repositoryURL = "https://github.com/JohnSundell/Files";
			requirement = {
				kind = upToNextMajorVersion;
				minimumVersion = 4.2.0;
			};
		};
		3C7E751B2AEE401F006983F1 /* XCRemoteSwiftPackageReference "SwipeActions" */ = {
			isa = XCRemoteSwiftPackageReference;
			repositoryURL = "https://github.com/aheze/SwipeActions";
			requirement = {
				kind = upToNextMajorVersion;
				minimumVersion = 1.1.0;
			};
		};
/* End XCRemoteSwiftPackageReference section */

/* Begin XCSwiftPackageProductDependency section */
		3C7E75192AEE4002006983F1 /* Files */ = {
			isa = XCSwiftPackageProductDependency;
			package = 3C7E75182AEE4002006983F1 /* XCRemoteSwiftPackageReference "Files" */;
			productName = Files;
		};
		3C7E751C2AEE401F006983F1 /* SwipeActions */ = {
			isa = XCSwiftPackageProductDependency;
			package = 3C7E751B2AEE401F006983F1 /* XCRemoteSwiftPackageReference "SwipeActions" */;
			productName = SwipeActions;
		};
/* End XCSwiftPackageProductDependency section */
	};
	rootObject = 3C7E74DE2AEDD0E9006983F1 /* Project object */;
}
